// !$*UTF8*$!
{
	archiveVersion = 1;
	classes = {
	};
	objectVersion = 51;
	objects = {

/* Begin PBXBuildFile section */
		630927B0239800010086AE14 /* View.swift in Sources */ = {isa = PBXBuildFile; fileRef = 630927AF239800010086AE14 /* View.swift */; };
		631F49492367700B00D1A1F3 /* HomePresenter.swift in Sources */ = {isa = PBXBuildFile; fileRef = 631F49482367700B00D1A1F3 /* HomePresenter.swift */; };
		637AB3812384296000AF9027 /* BaseAnimalProtocol.swift in Sources */ = {isa = PBXBuildFile; fileRef = 637AB3802384295F00AF9027 /* BaseAnimalProtocol.swift */; };
		6384FB992395C463003E5726 /* Reachability.swift in Sources */ = {isa = PBXBuildFile; fileRef = 6384FB982395C463003E5726 /* Reachability.swift */; };
		63ABF14423842046006841C4 /* Cat.swift in Sources */ = {isa = PBXBuildFile; fileRef = 63ABF14323842046006841C4 /* Cat.swift */; };
		63ABF146238424B0006841C4 /* CatService.swift in Sources */ = {isa = PBXBuildFile; fileRef = 63ABF145238424B0006841C4 /* CatService.swift */; };
		63D117E123804A2600D46EAC /* BaseRequest.swift in Sources */ = {isa = PBXBuildFile; fileRef = 63D117E023804A2600D46EAC /* BaseRequest.swift */; };
		63DC97C623667C77009A100C /* DogService.swift in Sources */ = {isa = PBXBuildFile; fileRef = 63DC97C523667C77009A100C /* DogService.swift */; };
		63DC97C92366802D009A100C /* DogServiceMock.swift in Sources */ = {isa = PBXBuildFile; fileRef = 63DC97C82366802D009A100C /* DogServiceMock.swift */; };
		63DC97CB23668583009A100C /* HomeInteractor.swift in Sources */ = {isa = PBXBuildFile; fileRef = 63DC97CA23668583009A100C /* HomeInteractor.swift */; };
		63DC97CE23668933009A100C /* HomeTestsConstant.swift in Sources */ = {isa = PBXBuildFile; fileRef = 63DC97CD23668933009A100C /* HomeTestsConstant.swift */; };
		63DC97CF23670D7C009A100C /* HomeTestsConstant.swift in Sources */ = {isa = PBXBuildFile; fileRef = 63DC97CD23668933009A100C /* HomeTestsConstant.swift */; };
		63DC97D22367670B009A100C /* DogInteractorMock.swift in Sources */ = {isa = PBXBuildFile; fileRef = 63DC97D023676676009A100C /* DogInteractorMock.swift */; };
		63F1DF7A23BEBF86004DE230 /* HomeButton.swift in Sources */ = {isa = PBXBuildFile; fileRef = 63F1DF7923BEBF86004DE230 /* HomeButton.swift */; };
		63F1DF7C23BEDD75004DE230 /* HomeButton.xib in Resources */ = {isa = PBXBuildFile; fileRef = 63F1DF7B23BEDD75004DE230 /* HomeButton.xib */; };
		63F8439E2366579D004F8255 /* AppDelegate.swift in Sources */ = {isa = PBXBuildFile; fileRef = 63F8439D2366579D004F8255 /* AppDelegate.swift */; };
		63F843A02366579D004F8255 /* ViewController.swift in Sources */ = {isa = PBXBuildFile; fileRef = 63F8439F2366579D004F8255 /* ViewController.swift */; };
		63F843A32366579D004F8255 /* Main.storyboard in Resources */ = {isa = PBXBuildFile; fileRef = 63F843A12366579D004F8255 /* Main.storyboard */; };
		63F843A52366579F004F8255 /* Assets.xcassets in Resources */ = {isa = PBXBuildFile; fileRef = 63F843A42366579F004F8255 /* Assets.xcassets */; };
		63F843A82366579F004F8255 /* LaunchScreen.storyboard in Resources */ = {isa = PBXBuildFile; fileRef = 63F843A62366579F004F8255 /* LaunchScreen.storyboard */; };
		63F843B32366579F004F8255 /* RandomAnimalsTests.swift in Sources */ = {isa = PBXBuildFile; fileRef = 63F843B22366579F004F8255 /* RandomAnimalsTests.swift */; };
		63F843C923666C58004F8255 /* Dog.swift in Sources */ = {isa = PBXBuildFile; fileRef = 63F843C823666C58004F8255 /* Dog.swift */; };
		63FC0EC4236B252E0006D62C /* DogServiceTests.swift in Sources */ = {isa = PBXBuildFile; fileRef = 63FC0EC3236B252E0006D62C /* DogServiceTests.swift */; };
		63FC0EC6236B293A0006D62C /* HomeInteractorTests.swift in Sources */ = {isa = PBXBuildFile; fileRef = 63FC0EC5236B293A0006D62C /* HomeInteractorTests.swift */; };
		63FC0EC8236B2AAA0006D62C /* HomePresenterTests.swift in Sources */ = {isa = PBXBuildFile; fileRef = 63FC0EC7236B2AAA0006D62C /* HomePresenterTests.swift */; };
		C213BC858E68F1303388D2DB /* Pods_RandomAnimals.framework in Frameworks */ = {isa = PBXBuildFile; fileRef = FDAE8032175106F018413F95 /* Pods_RandomAnimals.framework */; };
/* End PBXBuildFile section */

/* Begin PBXContainerItemProxy section */
		63F843AF2366579F004F8255 /* PBXContainerItemProxy */ = {
			isa = PBXContainerItemProxy;
			containerPortal = 63F843922366579D004F8255 /* Project object */;
			proxyType = 1;
			remoteGlobalIDString = 63F843992366579D004F8255;
			remoteInfo = RandomAnimals;
		};
/* End PBXContainerItemProxy section */

/* Begin PBXFileReference section */
		1989E14E97DA9D8736246773 /* Pods-RandomAnimals.release.xcconfig */ = {isa = PBXFileReference; includeInIndex = 1; lastKnownFileType = text.xcconfig; name = "Pods-RandomAnimals.release.xcconfig"; path = "Target Support Files/Pods-RandomAnimals/Pods-RandomAnimals.release.xcconfig"; sourceTree = "<group>"; };
		630927AF239800010086AE14 /* View.swift */ = {isa = PBXFileReference; lastKnownFileType = sourcecode.swift; path = View.swift; sourceTree = "<group>"; };
		631F49482367700B00D1A1F3 /* HomePresenter.swift */ = {isa = PBXFileReference; lastKnownFileType = sourcecode.swift; path = HomePresenter.swift; sourceTree = "<group>"; };
		637AB3802384295F00AF9027 /* BaseAnimalProtocol.swift */ = {isa = PBXFileReference; lastKnownFileType = sourcecode.swift; path = BaseAnimalProtocol.swift; sourceTree = "<group>"; };
		6384FB982395C463003E5726 /* Reachability.swift */ = {isa = PBXFileReference; fileEncoding = 4; lastKnownFileType = sourcecode.swift; path = Reachability.swift; sourceTree = "<group>"; };
		63ABF14323842046006841C4 /* Cat.swift */ = {isa = PBXFileReference; lastKnownFileType = sourcecode.swift; path = Cat.swift; sourceTree = "<group>"; };
		63ABF145238424B0006841C4 /* CatService.swift */ = {isa = PBXFileReference; lastKnownFileType = sourcecode.swift; path = CatService.swift; sourceTree = "<group>"; };
		63D117E023804A2600D46EAC /* BaseRequest.swift */ = {isa = PBXFileReference; lastKnownFileType = sourcecode.swift; path = BaseRequest.swift; sourceTree = "<group>"; };
		63DC97C523667C77009A100C /* DogService.swift */ = {isa = PBXFileReference; lastKnownFileType = sourcecode.swift; path = DogService.swift; sourceTree = "<group>"; };
		63DC97C82366802D009A100C /* DogServiceMock.swift */ = {isa = PBXFileReference; lastKnownFileType = sourcecode.swift; path = DogServiceMock.swift; sourceTree = "<group>"; };
		63DC97CA23668583009A100C /* HomeInteractor.swift */ = {isa = PBXFileReference; lastKnownFileType = sourcecode.swift; path = HomeInteractor.swift; sourceTree = "<group>"; };
		63DC97CD23668933009A100C /* HomeTestsConstant.swift */ = {isa = PBXFileReference; lastKnownFileType = sourcecode.swift; path = HomeTestsConstant.swift; sourceTree = "<group>"; };
		63DC97D023676676009A100C /* DogInteractorMock.swift */ = {isa = PBXFileReference; lastKnownFileType = sourcecode.swift; path = DogInteractorMock.swift; sourceTree = "<group>"; };
		63F1DF7923BEBF86004DE230 /* HomeButton.swift */ = {isa = PBXFileReference; lastKnownFileType = sourcecode.swift; path = HomeButton.swift; sourceTree = "<group>"; };
		63F1DF7B23BEDD75004DE230 /* HomeButton.xib */ = {isa = PBXFileReference; lastKnownFileType = file.xib; path = HomeButton.xib; sourceTree = "<group>"; };
		63F8439A2366579D004F8255 /* RandomAnimals.app */ = {isa = PBXFileReference; explicitFileType = wrapper.application; includeInIndex = 0; path = RandomAnimals.app; sourceTree = BUILT_PRODUCTS_DIR; };
		63F8439D2366579D004F8255 /* AppDelegate.swift */ = {isa = PBXFileReference; lastKnownFileType = sourcecode.swift; path = AppDelegate.swift; sourceTree = "<group>"; };
		63F8439F2366579D004F8255 /* ViewController.swift */ = {isa = PBXFileReference; lastKnownFileType = sourcecode.swift; path = ViewController.swift; sourceTree = "<group>"; };
		63F843A22366579D004F8255 /* Base */ = {isa = PBXFileReference; lastKnownFileType = file.storyboard; name = Base; path = Base.lproj/Main.storyboard; sourceTree = "<group>"; };
		63F843A42366579F004F8255 /* Assets.xcassets */ = {isa = PBXFileReference; lastKnownFileType = folder.assetcatalog; path = Assets.xcassets; sourceTree = "<group>"; };
		63F843A72366579F004F8255 /* Base */ = {isa = PBXFileReference; lastKnownFileType = file.storyboard; name = Base; path = Base.lproj/LaunchScreen.storyboard; sourceTree = "<group>"; };
		63F843A92366579F004F8255 /* Info.plist */ = {isa = PBXFileReference; lastKnownFileType = text.plist.xml; path = Info.plist; sourceTree = "<group>"; };
		63F843AE2366579F004F8255 /* RandomAnimalsTests.xctest */ = {isa = PBXFileReference; explicitFileType = wrapper.cfbundle; includeInIndex = 0; path = RandomAnimalsTests.xctest; sourceTree = BUILT_PRODUCTS_DIR; };
		63F843B22366579F004F8255 /* RandomAnimalsTests.swift */ = {isa = PBXFileReference; lastKnownFileType = sourcecode.swift; path = RandomAnimalsTests.swift; sourceTree = "<group>"; };
		63F843B42366579F004F8255 /* Info.plist */ = {isa = PBXFileReference; lastKnownFileType = text.plist.xml; path = Info.plist; sourceTree = "<group>"; };
		63F843C823666C58004F8255 /* Dog.swift */ = {isa = PBXFileReference; lastKnownFileType = sourcecode.swift; path = Dog.swift; sourceTree = "<group>"; };
		63FC0EC3236B252E0006D62C /* DogServiceTests.swift */ = {isa = PBXFileReference; lastKnownFileType = sourcecode.swift; path = DogServiceTests.swift; sourceTree = "<group>"; };
		63FC0EC5236B293A0006D62C /* HomeInteractorTests.swift */ = {isa = PBXFileReference; lastKnownFileType = sourcecode.swift; path = HomeInteractorTests.swift; sourceTree = "<group>"; };
		63FC0EC7236B2AAA0006D62C /* HomePresenterTests.swift */ = {isa = PBXFileReference; lastKnownFileType = sourcecode.swift; path = HomePresenterTests.swift; sourceTree = "<group>"; };
		8386327512147C2F9B0DC8CD /* Pods-RandomAnimals.debug.xcconfig */ = {isa = PBXFileReference; includeInIndex = 1; lastKnownFileType = text.xcconfig; name = "Pods-RandomAnimals.debug.xcconfig"; path = "Target Support Files/Pods-RandomAnimals/Pods-RandomAnimals.debug.xcconfig"; sourceTree = "<group>"; };
		FDAE8032175106F018413F95 /* Pods_RandomAnimals.framework */ = {isa = PBXFileReference; explicitFileType = wrapper.framework; includeInIndex = 0; path = Pods_RandomAnimals.framework; sourceTree = BUILT_PRODUCTS_DIR; };
/* End PBXFileReference section */

/* Begin PBXFrameworksBuildPhase section */
		63F843972366579D004F8255 /* Frameworks */ = {
			isa = PBXFrameworksBuildPhase;
			buildActionMask = 2147483647;
			files = (
				C213BC858E68F1303388D2DB /* Pods_RandomAnimals.framework in Frameworks */,
			);
			runOnlyForDeploymentPostprocessing = 0;
		};
		63F843AB2366579F004F8255 /* Frameworks */ = {
			isa = PBXFrameworksBuildPhase;
			buildActionMask = 2147483647;
			files = (
			);
			runOnlyForDeploymentPostprocessing = 0;
		};
/* End PBXFrameworksBuildPhase section */

/* Begin PBXGroup section */
		630927AE2397FFB80086AE14 /* Extension */ = {
			isa = PBXGroup;
			children = (
				630927AF239800010086AE14 /* View.swift */,
			);
			path = Extension;
			sourceTree = "<group>";
		};
		6384FB962395C41F003E5726 /* Core */ = {
			isa = PBXGroup;
			children = (
				630927AE2397FFB80086AE14 /* Extension */,
				6384FB972395C426003E5726 /* Helper */,
			);
			path = Core;
			sourceTree = "<group>";
		};
		6384FB972395C426003E5726 /* Helper */ = {
			isa = PBXGroup;
			children = (
				63F1DF7623BEB883004DE230 /* HomeButton */,
				63F1DF7523BEB876004DE230 /* NetworkConnection */,
			);
			path = Helper;
			sourceTree = "<group>";
		};
		63DC97C723668020009A100C /* Mock */ = {
			isa = PBXGroup;
			children = (
				63DC97C82366802D009A100C /* DogServiceMock.swift */,
				63DC97D023676676009A100C /* DogInteractorMock.swift */,
			);
			path = Mock;
			sourceTree = "<group>";
		};
		63DC97CC23668920009A100C /* Constant */ = {
			isa = PBXGroup;
			children = (
				63DC97CD23668933009A100C /* HomeTestsConstant.swift */,
			);
			path = Constant;
			sourceTree = "<group>";
		};
		63F1DF7423BEB82E004DE230 /* View */ = {
			isa = PBXGroup;
			children = (
				63F843A12366579D004F8255 /* Main.storyboard */,
			);
			name = View;
			path = "New Group";
			sourceTree = "<group>";
		};
		63F1DF7523BEB876004DE230 /* NetworkConnection */ = {
			isa = PBXGroup;
			children = (
				6384FB982395C463003E5726 /* Reachability.swift */,
			);
			path = NetworkConnection;
			sourceTree = "<group>";
		};
		63F1DF7623BEB883004DE230 /* HomeButton */ = {
			isa = PBXGroup;
			children = (
				63F1DF7923BEBF86004DE230 /* HomeButton.swift */,
				63F1DF7B23BEDD75004DE230 /* HomeButton.xib */,
			);
			path = HomeButton;
			sourceTree = "<group>";
		};
		63F843912366579D004F8255 = {
			isa = PBXGroup;
			children = (
				63F8439C2366579D004F8255 /* RandomAnimals */,
				63F843B12366579F004F8255 /* RandomAnimalsTests */,
				63F8439B2366579D004F8255 /* Products */,
				9FA36A1B286AD83D699890A0 /* Pods */,
				E26BBCAA9D0CF9F35BF740F9 /* Frameworks */,
			);
			sourceTree = "<group>";
		};
		63F8439B2366579D004F8255 /* Products */ = {
			isa = PBXGroup;
			children = (
				63F8439A2366579D004F8255 /* RandomAnimals.app */,
				63F843AE2366579F004F8255 /* RandomAnimalsTests.xctest */,
			);
			name = Products;
			sourceTree = "<group>";
		};
		63F8439C2366579D004F8255 /* RandomAnimals */ = {
			isa = PBXGroup;
			children = (
				6384FB962395C41F003E5726 /* Core */,
				63F843C723666C44004F8255 /* Model */,
				63F843C22366603A004F8255 /* AppStart */,
				63F843C3236660B7004F8255 /* Service */,
				63F843BE23665F91004F8255 /* Source */,
				63F843A42366579F004F8255 /* Assets.xcassets */,
				63F843A62366579F004F8255 /* LaunchScreen.storyboard */,
				63F843A92366579F004F8255 /* Info.plist */,
			);
			path = RandomAnimals;
			sourceTree = "<group>";
		};
		63F843B12366579F004F8255 /* RandomAnimalsTests */ = {
			isa = PBXGroup;
			children = (
				63FC0EC2236B25060006D62C /* Tests */,
				63DC97CC23668920009A100C /* Constant */,
				63DC97C723668020009A100C /* Mock */,
				63F843B22366579F004F8255 /* RandomAnimalsTests.swift */,
				63F843B42366579F004F8255 /* Info.plist */,
			);
			path = RandomAnimalsTests;
			sourceTree = "<group>";
		};
		63F843BD23665F74004F8255 /* Home */ = {
			isa = PBXGroup;
			children = (
				63F843C4236661B0004F8255 /* Interactor */,
				63F1DF7423BEB82E004DE230 /* View */,
				63F843C023665FB1004F8255 /* Presenter */,
				63F843C123665FB7004F8255 /* Controller */,
			);
			path = Home;
			sourceTree = "<group>";
		};
		63F843BE23665F91004F8255 /* Source */ = {
			isa = PBXGroup;
			children = (
				63F843BD23665F74004F8255 /* Home */,
			);
			path = Source;
			sourceTree = "<group>";
		};
		63F843C023665FB1004F8255 /* Presenter */ = {
			isa = PBXGroup;
			children = (
				631F49482367700B00D1A1F3 /* HomePresenter.swift */,
			);
			path = Presenter;
			sourceTree = "<group>";
		};
		63F843C123665FB7004F8255 /* Controller */ = {
			isa = PBXGroup;
			children = (
				63F8439F2366579D004F8255 /* ViewController.swift */,
			);
			path = Controller;
			sourceTree = "<group>";
		};
		63F843C22366603A004F8255 /* AppStart */ = {
			isa = PBXGroup;
			children = (
				63F8439D2366579D004F8255 /* AppDelegate.swift */,
			);
			path = AppStart;
			sourceTree = "<group>";
		};
		63F843C3236660B7004F8255 /* Service */ = {
			isa = PBXGroup;
			children = (
				63DC97C523667C77009A100C /* DogService.swift */,
				63D117E023804A2600D46EAC /* BaseRequest.swift */,
				63ABF145238424B0006841C4 /* CatService.swift */,
			);
			path = Service;
			sourceTree = "<group>";
		};
		63F843C4236661B0004F8255 /* Interactor */ = {
			isa = PBXGroup;
			children = (
				63DC97CA23668583009A100C /* HomeInteractor.swift */,
			);
			path = Interactor;
			sourceTree = "<group>";
		};
		63F843C723666C44004F8255 /* Model */ = {
			isa = PBXGroup;
			children = (
				63F843C823666C58004F8255 /* Dog.swift */,
				63ABF14323842046006841C4 /* Cat.swift */,
				637AB3802384295F00AF9027 /* BaseAnimalProtocol.swift */,
			);
			path = Model;
			sourceTree = "<group>";
		};
		63FC0EC2236B25060006D62C /* Tests */ = {
			isa = PBXGroup;
			children = (
				63FC0EC3236B252E0006D62C /* DogServiceTests.swift */,
				63FC0EC5236B293A0006D62C /* HomeInteractorTests.swift */,
				63FC0EC7236B2AAA0006D62C /* HomePresenterTests.swift */,
			);
			path = Tests;
			sourceTree = "<group>";
		};
		9FA36A1B286AD83D699890A0 /* Pods */ = {
			isa = PBXGroup;
			children = (
				8386327512147C2F9B0DC8CD /* Pods-RandomAnimals.debug.xcconfig */,
				1989E14E97DA9D8736246773 /* Pods-RandomAnimals.release.xcconfig */,
			);
			path = Pods;
			sourceTree = "<group>";
		};
		E26BBCAA9D0CF9F35BF740F9 /* Frameworks */ = {
			isa = PBXGroup;
			children = (
				FDAE8032175106F018413F95 /* Pods_RandomAnimals.framework */,
			);
			name = Frameworks;
			sourceTree = "<group>";
		};
/* End PBXGroup section */

/* Begin PBXNativeTarget section */
		63F843992366579D004F8255 /* RandomAnimals */ = {
			isa = PBXNativeTarget;
			buildConfigurationList = 63F843B72366579F004F8255 /* Build configuration list for PBXNativeTarget "RandomAnimals" */;
			buildPhases = (
				7E2B1A48F8970880D8C2365A /* [CP] Check Pods Manifest.lock */,
				63F843962366579D004F8255 /* Sources */,
				63F843972366579D004F8255 /* Frameworks */,
				63F843982366579D004F8255 /* Resources */,
				1FE466D35F42A11FD8DC66A9 /* [CP] Embed Pods Frameworks */,
			);
			buildRules = (
			);
			dependencies = (
			);
			name = RandomAnimals;
			productName = RandomAnimals;
			productReference = 63F8439A2366579D004F8255 /* RandomAnimals.app */;
			productType = "com.apple.product-type.application";
		};
		63F843AD2366579F004F8255 /* RandomAnimalsTests */ = {
			isa = PBXNativeTarget;
			buildConfigurationList = 63F843BA2366579F004F8255 /* Build configuration list for PBXNativeTarget "RandomAnimalsTests" */;
			buildPhases = (
				63F843AA2366579F004F8255 /* Sources */,
				63F843AB2366579F004F8255 /* Frameworks */,
				63F843AC2366579F004F8255 /* Resources */,
			);
			buildRules = (
			);
			dependencies = (
				63F843B02366579F004F8255 /* PBXTargetDependency */,
			);
			name = RandomAnimalsTests;
			productName = RandomAnimalsTests;
			productReference = 63F843AE2366579F004F8255 /* RandomAnimalsTests.xctest */;
			productType = "com.apple.product-type.bundle.unit-test";
		};
/* End PBXNativeTarget section */

/* Begin PBXProject section */
		63F843922366579D004F8255 /* Project object */ = {
			isa = PBXProject;
			attributes = {
				LastSwiftUpdateCheck = 1010;
				LastUpgradeCheck = 1010;
				ORGANIZATIONNAME = BRQ;
				TargetAttributes = {
					63F843992366579D004F8255 = {
						CreatedOnToolsVersion = 10.1;
					};
					63F843AD2366579F004F8255 = {
						CreatedOnToolsVersion = 10.1;
						TestTargetID = 63F843992366579D004F8255;
					};
				};
			};
			buildConfigurationList = 63F843952366579D004F8255 /* Build configuration list for PBXProject "RandomAnimals" */;
			compatibilityVersion = "Xcode 9.3";
			developmentRegion = en;
			hasScannedForEncodings = 0;
			knownRegions = (
				en,
				Base,
			);
			mainGroup = 63F843912366579D004F8255;
			productRefGroup = 63F8439B2366579D004F8255 /* Products */;
			projectDirPath = "";
			projectRoot = "";
			targets = (
				63F843992366579D004F8255 /* RandomAnimals */,
				63F843AD2366579F004F8255 /* RandomAnimalsTests */,
			);
		};
/* End PBXProject section */

/* Begin PBXResourcesBuildPhase section */
		63F843982366579D004F8255 /* Resources */ = {
			isa = PBXResourcesBuildPhase;
			buildActionMask = 2147483647;
			files = (
				63F1DF7C23BEDD75004DE230 /* HomeButton.xib in Resources */,
				63F843A82366579F004F8255 /* LaunchScreen.storyboard in Resources */,
				63F843A52366579F004F8255 /* Assets.xcassets in Resources */,
				63F843A32366579D004F8255 /* Main.storyboard in Resources */,
			);
			runOnlyForDeploymentPostprocessing = 0;
		};
		63F843AC2366579F004F8255 /* Resources */ = {
			isa = PBXResourcesBuildPhase;
			buildActionMask = 2147483647;
			files = (
			);
			runOnlyForDeploymentPostprocessing = 0;
		};
/* End PBXResourcesBuildPhase section */

/* Begin PBXShellScriptBuildPhase section */
		1FE466D35F42A11FD8DC66A9 /* [CP] Embed Pods Frameworks */ = {
			isa = PBXShellScriptBuildPhase;
			buildActionMask = 2147483647;
			files = (
			);
			inputFileListPaths = (
				"${PODS_ROOT}/Target Support Files/Pods-RandomAnimals/Pods-RandomAnimals-frameworks-${CONFIGURATION}-input-files.xcfilelist",
			);
			name = "[CP] Embed Pods Frameworks";
			outputFileListPaths = (
				"${PODS_ROOT}/Target Support Files/Pods-RandomAnimals/Pods-RandomAnimals-frameworks-${CONFIGURATION}-output-files.xcfilelist",
			);
			runOnlyForDeploymentPostprocessing = 0;
			shellPath = /bin/sh;
			shellScript = "\"${PODS_ROOT}/Target Support Files/Pods-RandomAnimals/Pods-RandomAnimals-frameworks.sh\"\n";
			showEnvVarsInLog = 0;
		};
		7E2B1A48F8970880D8C2365A /* [CP] Check Pods Manifest.lock */ = {
			isa = PBXShellScriptBuildPhase;
			buildActionMask = 2147483647;
			files = (
			);
			inputFileListPaths = (
			);
			inputPaths = (
				"${PODS_PODFILE_DIR_PATH}/Podfile.lock",
				"${PODS_ROOT}/Manifest.lock",
			);
			name = "[CP] Check Pods Manifest.lock";
			outputFileListPaths = (
			);
			outputPaths = (
				"$(DERIVED_FILE_DIR)/Pods-RandomAnimals-checkManifestLockResult.txt",
			);
			runOnlyForDeploymentPostprocessing = 0;
			shellPath = /bin/sh;
			shellScript = "diff \"${PODS_PODFILE_DIR_PATH}/Podfile.lock\" \"${PODS_ROOT}/Manifest.lock\" > /dev/null\nif [ $? != 0 ] ; then\n    # print error to STDERR\n    echo \"error: The sandbox is not in sync with the Podfile.lock. Run 'pod install' or update your CocoaPods installation.\" >&2\n    exit 1\nfi\n# This output is used by Xcode 'outputs' to avoid re-running this script phase.\necho \"SUCCESS\" > \"${SCRIPT_OUTPUT_FILE_0}\"\n";
			showEnvVarsInLog = 0;
		};
/* End PBXShellScriptBuildPhase section */

/* Begin PBXSourcesBuildPhase section */
		63F843962366579D004F8255 /* Sources */ = {
			isa = PBXSourcesBuildPhase;
			buildActionMask = 2147483647;
			files = (
				637AB3812384296000AF9027 /* BaseAnimalProtocol.swift in Sources */,
				63F843A02366579D004F8255 /* ViewController.swift in Sources */,
				63F8439E2366579D004F8255 /* AppDelegate.swift in Sources */,
				63ABF146238424B0006841C4 /* CatService.swift in Sources */,
				63ABF14423842046006841C4 /* Cat.swift in Sources */,
				63DC97CF23670D7C009A100C /* HomeTestsConstant.swift in Sources */,
				63DC97D22367670B009A100C /* DogInteractorMock.swift in Sources */,
				63DC97C623667C77009A100C /* DogService.swift in Sources */,
				63DC97CB23668583009A100C /* HomeInteractor.swift in Sources */,
				63F843C923666C58004F8255 /* Dog.swift in Sources */,
				631F49492367700B00D1A1F3 /* HomePresenter.swift in Sources */,
				63D117E123804A2600D46EAC /* BaseRequest.swift in Sources */,
				630927B0239800010086AE14 /* View.swift in Sources */,
				63F1DF7A23BEBF86004DE230 /* HomeButton.swift in Sources */,
				6384FB992395C463003E5726 /* Reachability.swift in Sources */,
			);
			runOnlyForDeploymentPostprocessing = 0;
		};
		63F843AA2366579F004F8255 /* Sources */ = {
			isa = PBXSourcesBuildPhase;
			buildActionMask = 2147483647;
			files = (
				63FC0EC8236B2AAA0006D62C /* HomePresenterTests.swift in Sources */,
				63DC97CE23668933009A100C /* HomeTestsConstant.swift in Sources */,
				63FC0EC4236B252E0006D62C /* DogServiceTests.swift in Sources */,
				63DC97C92366802D009A100C /* DogServiceMock.swift in Sources */,
				63F843B32366579F004F8255 /* RandomAnimalsTests.swift in Sources */,
				63FC0EC6236B293A0006D62C /* HomeInteractorTests.swift in Sources */,
			);
			runOnlyForDeploymentPostprocessing = 0;
		};
/* End PBXSourcesBuildPhase section */

/* Begin PBXTargetDependency section */
		63F843B02366579F004F8255 /* PBXTargetDependency */ = {
			isa = PBXTargetDependency;
			target = 63F843992366579D004F8255 /* RandomAnimals */;
			targetProxy = 63F843AF2366579F004F8255 /* PBXContainerItemProxy */;
		};
/* End PBXTargetDependency section */

/* Begin PBXVariantGroup section */
		63F843A12366579D004F8255 /* Main.storyboard */ = {
			isa = PBXVariantGroup;
			children = (
				63F843A22366579D004F8255 /* Base */,
			);
			name = Main.storyboard;
			sourceTree = "<group>";
		};
		63F843A62366579F004F8255 /* LaunchScreen.storyboard */ = {
			isa = PBXVariantGroup;
			children = (
				63F843A72366579F004F8255 /* Base */,
			);
			name = LaunchScreen.storyboard;
			sourceTree = "<group>";
		};
/* End PBXVariantGroup section */

/* Begin XCBuildConfiguration section */
		63F843B52366579F004F8255 /* Debug */ = {
			isa = XCBuildConfiguration;
			buildSettings = {
				ALWAYS_SEARCH_USER_PATHS = NO;
				CLANG_ANALYZER_NONNULL = YES;
				CLANG_ANALYZER_NUMBER_OBJECT_CONVERSION = YES_AGGRESSIVE;
				CLANG_CXX_LANGUAGE_STANDARD = "gnu++14";
				CLANG_CXX_LIBRARY = "libc++";
				CLANG_ENABLE_MODULES = YES;
				CLANG_ENABLE_OBJC_ARC = YES;
				CLANG_ENABLE_OBJC_WEAK = YES;
				CLANG_WARN_BLOCK_CAPTURE_AUTORELEASING = YES;
				CLANG_WARN_BOOL_CONVERSION = YES;
				CLANG_WARN_COMMA = YES;
				CLANG_WARN_CONSTANT_CONVERSION = YES;
				CLANG_WARN_DEPRECATED_OBJC_IMPLEMENTATIONS = YES;
				CLANG_WARN_DIRECT_OBJC_ISA_USAGE = YES_ERROR;
				CLANG_WARN_DOCUMENTATION_COMMENTS = YES;
				CLANG_WARN_EMPTY_BODY = YES;
				CLANG_WARN_ENUM_CONVERSION = YES;
				CLANG_WARN_INFINITE_RECURSION = YES;
				CLANG_WARN_INT_CONVERSION = YES;
				CLANG_WARN_NON_LITERAL_NULL_CONVERSION = YES;
				CLANG_WARN_OBJC_IMPLICIT_RETAIN_SELF = YES;
				CLANG_WARN_OBJC_LITERAL_CONVERSION = YES;
				CLANG_WARN_OBJC_ROOT_CLASS = YES_ERROR;
				CLANG_WARN_RANGE_LOOP_ANALYSIS = YES;
				CLANG_WARN_STRICT_PROTOTYPES = YES;
				CLANG_WARN_SUSPICIOUS_MOVE = YES;
				CLANG_WARN_UNGUARDED_AVAILABILITY = YES_AGGRESSIVE;
				CLANG_WARN_UNREACHABLE_CODE = YES;
				CLANG_WARN__DUPLICATE_METHOD_MATCH = YES;
				CODE_SIGN_IDENTITY = "iPhone Developer";
				COPY_PHASE_STRIP = NO;
				DEBUG_INFORMATION_FORMAT = dwarf;
				ENABLE_STRICT_OBJC_MSGSEND = YES;
				ENABLE_TESTABILITY = YES;
				GCC_C_LANGUAGE_STANDARD = gnu11;
				GCC_DYNAMIC_NO_PIC = NO;
				GCC_NO_COMMON_BLOCKS = YES;
				GCC_OPTIMIZATION_LEVEL = 0;
				GCC_PREPROCESSOR_DEFINITIONS = (
					"DEBUG=1",
					"$(inherited)",
				);
				GCC_WARN_64_TO_32_BIT_CONVERSION = YES;
				GCC_WARN_ABOUT_RETURN_TYPE = YES_ERROR;
				GCC_WARN_UNDECLARED_SELECTOR = YES;
				GCC_WARN_UNINITIALIZED_AUTOS = YES_AGGRESSIVE;
				GCC_WARN_UNUSED_FUNCTION = YES;
				GCC_WARN_UNUSED_VARIABLE = YES;
				IPHONEOS_DEPLOYMENT_TARGET = 12.1;
				MTL_ENABLE_DEBUG_INFO = INCLUDE_SOURCE;
				MTL_FAST_MATH = YES;
				ONLY_ACTIVE_ARCH = YES;
				SDKROOT = iphoneos;
				SWIFT_ACTIVE_COMPILATION_CONDITIONS = DEBUG;
				SWIFT_OPTIMIZATION_LEVEL = "-Onone";
			};
			name = Debug;
		};
		63F843B62366579F004F8255 /* Release */ = {
			isa = XCBuildConfiguration;
			buildSettings = {
				ALWAYS_SEARCH_USER_PATHS = NO;
				CLANG_ANALYZER_NONNULL = YES;
				CLANG_ANALYZER_NUMBER_OBJECT_CONVERSION = YES_AGGRESSIVE;
				CLANG_CXX_LANGUAGE_STANDARD = "gnu++14";
				CLANG_CXX_LIBRARY = "libc++";
				CLANG_ENABLE_MODULES = YES;
				CLANG_ENABLE_OBJC_ARC = YES;
				CLANG_ENABLE_OBJC_WEAK = YES;
				CLANG_WARN_BLOCK_CAPTURE_AUTORELEASING = YES;
				CLANG_WARN_BOOL_CONVERSION = YES;
				CLANG_WARN_COMMA = YES;
				CLANG_WARN_CONSTANT_CONVERSION = YES;
				CLANG_WARN_DEPRECATED_OBJC_IMPLEMENTATIONS = YES;
				CLANG_WARN_DIRECT_OBJC_ISA_USAGE = YES_ERROR;
				CLANG_WARN_DOCUMENTATION_COMMENTS = YES;
				CLANG_WARN_EMPTY_BODY = YES;
				CLANG_WARN_ENUM_CONVERSION = YES;
				CLANG_WARN_INFINITE_RECURSION = YES;
				CLANG_WARN_INT_CONVERSION = YES;
				CLANG_WARN_NON_LITERAL_NULL_CONVERSION = YES;
				CLANG_WARN_OBJC_IMPLICIT_RETAIN_SELF = YES;
				CLANG_WARN_OBJC_LITERAL_CONVERSION = YES;
				CLANG_WARN_OBJC_ROOT_CLASS = YES_ERROR;
				CLANG_WARN_RANGE_LOOP_ANALYSIS = YES;
				CLANG_WARN_STRICT_PROTOTYPES = YES;
				CLANG_WARN_SUSPICIOUS_MOVE = YES;
				CLANG_WARN_UNGUARDED_AVAILABILITY = YES_AGGRESSIVE;
				CLANG_WARN_UNREACHABLE_CODE = YES;
				CLANG_WARN__DUPLICATE_METHOD_MATCH = YES;
				CODE_SIGN_IDENTITY = "iPhone Developer";
				COPY_PHASE_STRIP = NO;
				DEBUG_INFORMATION_FORMAT = "dwarf-with-dsym";
				ENABLE_NS_ASSERTIONS = NO;
				ENABLE_STRICT_OBJC_MSGSEND = YES;
				GCC_C_LANGUAGE_STANDARD = gnu11;
				GCC_NO_COMMON_BLOCKS = YES;
				GCC_WARN_64_TO_32_BIT_CONVERSION = YES;
				GCC_WARN_ABOUT_RETURN_TYPE = YES_ERROR;
				GCC_WARN_UNDECLARED_SELECTOR = YES;
				GCC_WARN_UNINITIALIZED_AUTOS = YES_AGGRESSIVE;
				GCC_WARN_UNUSED_FUNCTION = YES;
				GCC_WARN_UNUSED_VARIABLE = YES;
				IPHONEOS_DEPLOYMENT_TARGET = 12.1;
				MTL_ENABLE_DEBUG_INFO = NO;
				MTL_FAST_MATH = YES;
				SDKROOT = iphoneos;
				SWIFT_COMPILATION_MODE = wholemodule;
				SWIFT_OPTIMIZATION_LEVEL = "-O";
				VALIDATE_PRODUCT = YES;
			};
			name = Release;
		};
		63F843B82366579F004F8255 /* Debug */ = {
			isa = XCBuildConfiguration;
			baseConfigurationReference = 8386327512147C2F9B0DC8CD /* Pods-RandomAnimals.debug.xcconfig */;
			buildSettings = {
				ASSETCATALOG_COMPILER_APPICON_NAME = AppIcon;
				CODE_SIGN_IDENTITY = "iPhone Developer";
				CODE_SIGN_STYLE = Automatic;
				DEVELOPMENT_TEAM = D8SS8BRWWP;
				INFOPLIST_FILE = RandomAnimals/Info.plist;
				LD_RUNPATH_SEARCH_PATHS = (
					"$(inherited)",
					"@executable_path/Frameworks",
				);
				PRODUCT_BUNDLE_IDENTIFIER = RandomAnimals;
				PRODUCT_NAME = "$(TARGET_NAME)";
				PROVISIONING_PROFILE_SPECIFIER = "";
				SWIFT_VERSION = 4.2;
				TARGETED_DEVICE_FAMILY = "1,2";
			};
			name = Debug;
		};
		63F843B92366579F004F8255 /* Release */ = {
			isa = XCBuildConfiguration;
			baseConfigurationReference = 1989E14E97DA9D8736246773 /* Pods-RandomAnimals.release.xcconfig */;
			buildSettings = {
				ASSETCATALOG_COMPILER_APPICON_NAME = AppIcon;
				CODE_SIGN_IDENTITY = "iPhone Developer";
				CODE_SIGN_STYLE = Automatic;
				DEVELOPMENT_TEAM = D8SS8BRWWP;
				INFOPLIST_FILE = RandomAnimals/Info.plist;
				LD_RUNPATH_SEARCH_PATHS = (
					"$(inherited)",
					"@executable_path/Frameworks",
				);
				PRODUCT_BUNDLE_IDENTIFIER = RandomAnimals;
				PRODUCT_NAME = "$(TARGET_NAME)";
				PROVISIONING_PROFILE_SPECIFIER = "";
				SWIFT_VERSION = 4.2;
				TARGETED_DEVICE_FAMILY = "1,2";
			};
			name = Release;
		};
		63F843BB2366579F004F8255 /* Debug */ = {
			isa = XCBuildConfiguration;
			buildSettings = {
				ALWAYS_EMBED_SWIFT_STANDARD_LIBRARIES = YES;
				BUNDLE_LOADER = "$(TEST_HOST)";
				CODE_SIGN_STYLE = Automatic;
				DEVELOPMENT_TEAM = UEDMTC57NN;
				INFOPLIST_FILE = RandomAnimalsTests/Info.plist;
				LD_RUNPATH_SEARCH_PATHS = (
					"$(inherited)",
					"@executable_path/Frameworks",
					"@loader_path/Frameworks",
				);
				PRODUCT_BUNDLE_IDENTIFIER = br.com.hugoProjects.RandomAnimalsTests;
				PRODUCT_NAME = "$(TARGET_NAME)";
				SWIFT_VERSION = 4.2;
				TARGETED_DEVICE_FAMILY = "1,2";
				TEST_HOST = "$(BUILT_PRODUCTS_DIR)/RandomAnimals.app/RandomAnimals";
			};
			name = Debug;
		};
		63F843BC2366579F004F8255 /* Release */ = {
			isa = XCBuildConfiguration;
			buildSettings = {
				ALWAYS_EMBED_SWIFT_STANDARD_LIBRARIES = YES;
				BUNDLE_LOADER = "$(TEST_HOST)";
				CODE_SIGN_STYLE = Automatic;
				DEVELOPMENT_TEAM = UEDMTC57NN;
				INFOPLIST_FILE = RandomAnimalsTests/Info.plist;
				LD_RUNPATH_SEARCH_PATHS = (
					"$(inherited)",
					"@executable_path/Frameworks",
					"@loader_path/Frameworks",
				);
				PRODUCT_BUNDLE_IDENTIFIER = br.com.hugoProjects.RandomAnimalsTests;
				PRODUCT_NAME = "$(TARGET_NAME)";
				SWIFT_VERSION = 4.2;
				TARGETED_DEVICE_FAMILY = "1,2";
				TEST_HOST = "$(BUILT_PRODUCTS_DIR)/RandomAnimals.app/RandomAnimals";
			};
			name = Release;
		};
/* End XCBuildConfiguration section */

/* Begin XCConfigurationList section */
		63F843952366579D004F8255 /* Build configuration list for PBXProject "RandomAnimals" */ = {
			isa = XCConfigurationList;
			buildConfigurations = (
				63F843B52366579F004F8255 /* Debug */,
				63F843B62366579F004F8255 /* Release */,
			);
			defaultConfigurationIsVisible = 0;
			defaultConfigurationName = Release;
		};
		63F843B72366579F004F8255 /* Build configuration list for PBXNativeTarget "RandomAnimals" */ = {
			isa = XCConfigurationList;
			buildConfigurations = (
				63F843B82366579F004F8255 /* Debug */,
				63F843B92366579F004F8255 /* Release */,
			);
			defaultConfigurationIsVisible = 0;
			defaultConfigurationName = Release;
		};
		63F843BA2366579F004F8255 /* Build configuration list for PBXNativeTarget "RandomAnimalsTests" */ = {
			isa = XCConfigurationList;
			buildConfigurations = (
				63F843BB2366579F004F8255 /* Debug */,
				63F843BC2366579F004F8255 /* Release */,
			);
			defaultConfigurationIsVisible = 0;
			defaultConfigurationName = Release;
		};
/* End XCConfigurationList section */
	};
	rootObject = 63F843922366579D004F8255 /* Project object */;
}
